// !$*UTF8*$!
{
	archiveVersion = 1;
	classes = {
	};
	objectVersion = 56;
	objects = {

/* Begin PBXBuildFile section */
		0417292C2E3C4D2C00EA56F4 /* IcanStudyApp.swift in Sources */ = {isa = PBXBuildFile; fileRef = 0417292B2E3C4D2C00EA56F4 /* IcanStudyApp.swift */; };
		041729302E3C4D2D00EA56F4 /* Assets.xcassets in Resources */ = {isa = PBXBuildFile; fileRef = 0417292F2E3C4D2D00EA56F4 /* Assets.xcassets */; };
		0417293A2E3C4D8100EA56F4 /* Launch Screen.storyboard in Resources */ = {isa = PBXBuildFile; fileRef = 041729392E3C4D8100EA56F4 /* Launch Screen.storyboard */; };
		0417293C2E3C4EF100EA56F4 /* HomeView.swift in Sources */ = {isa = PBXBuildFile; fileRef = 0417293B2E3C4EF100EA56F4 /* HomeView.swift */; };
		0434834B2E41BD4B006193F8 /* ConfirmationModalView.swift in Sources */ = {isa = PBXBuildFile; fileRef = 04B5832A2E3F0874005E1A95 /* ConfirmationModalView.swift */; };
		0434834C2E41BD4B006193F8 /* ConfirmationModalViews.swift in Sources */ = {isa = PBXBuildFile; fileRef = 047C5F442E41A70700005C88 /* ConfirmationModalViews.swift */; };
		0434834D2E41BD55006193F8 /* SlidersConfirmation.swift in Sources */ = {isa = PBXBuildFile; fileRef = 043D8B332E41AEFC00BC5F4A /* SlidersConfirmation.swift */; };
		043D8B2B2E40E3AA00BC5F4A /* CoinControl.swift in Sources */ = {isa = PBXBuildFile; fileRef = 043D8B2A2E40E3AA00BC5F4A /* CoinControl.swift */; };
		043D8B2D2E418C7D00BC5F4A /* AudioHelper.swift in Sources */ = {isa = PBXBuildFile; fileRef = 043D8B2C2E418C7D00BC5F4A /* AudioHelper.swift */; };
		043D8B2F2E4190A000BC5F4A /* QuitModalView.swift in Sources */ = {isa = PBXBuildFile; fileRef = 043D8B2E2E4190A000BC5F4A /* QuitModalView.swift */; };
		043D8B312E4194B700BC5F4A /* Shop.swift in Sources */ = {isa = PBXBuildFile; fileRef = 043D8B302E4194B700BC5F4A /* Shop.swift */; };
		047673722E3C642600732F21 /* VisualEffectBlur.swift in Sources */ = {isa = PBXBuildFile; fileRef = 047673712E3C642600732F21 /* VisualEffectBlur.swift */; };
		047C5F472E41A71600005C88 /* ShopmodalView.swift in Sources */ = {isa = PBXBuildFile; fileRef = 047C5F462E41A71600005C88 /* ShopmodalView.swift */; };
		047C5F492E41A8A300005C88 /* Slackey-Regular.ttf in Resources */ = {isa = PBXBuildFile; fileRef = 047C5F482E41A8A300005C88 /* Slackey-Regular.ttf */; };
		04A6C74A2E3F50EC003A6E76 /* User.swift in Sources */ = {isa = PBXBuildFile; fileRef = 04A6C7492E3F50EC003A6E76 /* User.swift */; };
		04A6C74C2E3F597E003A6E76 /* TimeFormatterHelper.swift in Sources */ = {isa = PBXBuildFile; fileRef = 04A6C74B2E3F597E003A6E76 /* TimeFormatterHelper.swift */; };
		04B583252E3DE2F7005E1A95 /* FishAnimationsView.swift in Sources */ = {isa = PBXBuildFile; fileRef = 04B583242E3DE2F7005E1A95 /* FishAnimationsView.swift */; };
		04B583272E3DE466005E1A95 /* TimersView.swift in Sources */ = {isa = PBXBuildFile; fileRef = 04B583262E3DE466005E1A95 /* TimersView.swift */; };
		04B583292E3DEA63005E1A95 /* PreparationModalView.swift in Sources */ = {isa = PBXBuildFile; fileRef = 04B583282E3DEA63005E1A95 /* PreparationModalView.swift */; };
		04B5832D2E3F1312005E1A95 /* FocusSessionView.swift in Sources */ = {isa = PBXBuildFile; fileRef = 04B5832C2E3F1312005E1A95 /* FocusSessionView.swift */; };
/* End PBXBuildFile section */

/* Begin PBXFileReference section */
		041729282E3C4D2C00EA56F4 /* IcanStudy.app */ = {isa = PBXFileReference; explicitFileType = wrapper.application; includeInIndex = 0; path = IcanStudy.app; sourceTree = BUILT_PRODUCTS_DIR; };
		0417292B2E3C4D2C00EA56F4 /* IcanStudyApp.swift */ = {isa = PBXFileReference; lastKnownFileType = sourcecode.swift; path = IcanStudyApp.swift; sourceTree = "<group>"; };
		0417292F2E3C4D2D00EA56F4 /* Assets.xcassets */ = {isa = PBXFileReference; lastKnownFileType = folder.assetcatalog; path = Assets.xcassets; sourceTree = "<group>"; };
		041729392E3C4D8100EA56F4 /* Launch Screen.storyboard */ = {isa = PBXFileReference; lastKnownFileType = file.storyboard; path = "Launch Screen.storyboard"; sourceTree = "<group>"; };
		0417293B2E3C4EF100EA56F4 /* HomeView.swift */ = {isa = PBXFileReference; lastKnownFileType = sourcecode.swift; path = HomeView.swift; sourceTree = "<group>"; };
		043D8B2A2E40E3AA00BC5F4A /* CoinControl.swift */ = {isa = PBXFileReference; lastKnownFileType = sourcecode.swift; path = CoinControl.swift; sourceTree = "<group>"; };
		043D8B2C2E418C7D00BC5F4A /* AudioHelper.swift */ = {isa = PBXFileReference; lastKnownFileType = sourcecode.swift; path = AudioHelper.swift; sourceTree = "<group>"; };
		043D8B2E2E4190A000BC5F4A /* QuitModalView.swift */ = {isa = PBXFileReference; lastKnownFileType = sourcecode.swift; path = QuitModalView.swift; sourceTree = "<group>"; };
		043D8B302E4194B700BC5F4A /* Shop.swift */ = {isa = PBXFileReference; lastKnownFileType = sourcecode.swift; path = Shop.swift; sourceTree = "<group>"; };
		043D8B332E41AEFC00BC5F4A /* SlidersConfirmation.swift */ = {isa = PBXFileReference; lastKnownFileType = sourcecode.swift; path = SlidersConfirmation.swift; sourceTree = "<group>"; };
		047673672E3C53C400732F21 /* Info.plist */ = {isa = PBXFileReference; lastKnownFileType = text.plist; path = Info.plist; sourceTree = "<group>"; };
		047673712E3C642600732F21 /* VisualEffectBlur.swift */ = {isa = PBXFileReference; lastKnownFileType = sourcecode.swift; path = VisualEffectBlur.swift; sourceTree = "<group>"; };
		047C5F442E41A70700005C88 /* ConfirmationModalViews.swift */ = {isa = PBXFileReference; lastKnownFileType = sourcecode.swift; path = ConfirmationModalViews.swift; sourceTree = "<group>"; };
		047C5F462E41A71600005C88 /* ShopmodalView.swift */ = {isa = PBXFileReference; lastKnownFileType = sourcecode.swift; path = ShopmodalView.swift; sourceTree = "<group>"; };
		047C5F482E41A8A300005C88 /* Slackey-Regular.ttf */ = {isa = PBXFileReference; lastKnownFileType = file; path = "Slackey-Regular.ttf"; sourceTree = "<group>"; };
		04A6C7492E3F50EC003A6E76 /* User.swift */ = {isa = PBXFileReference; lastKnownFileType = sourcecode.swift; path = User.swift; sourceTree = "<group>"; };
		04A6C74B2E3F597E003A6E76 /* TimeFormatterHelper.swift */ = {isa = PBXFileReference; lastKnownFileType = sourcecode.swift; path = TimeFormatterHelper.swift; sourceTree = "<group>"; };
		04B583242E3DE2F7005E1A95 /* FishAnimationsView.swift */ = {isa = PBXFileReference; lastKnownFileType = sourcecode.swift; path = FishAnimationsView.swift; sourceTree = "<group>"; };
		04B583262E3DE466005E1A95 /* TimersView.swift */ = {isa = PBXFileReference; lastKnownFileType = sourcecode.swift; path = TimersView.swift; sourceTree = "<group>"; };
		04B583282E3DEA63005E1A95 /* PreparationModalView.swift */ = {isa = PBXFileReference; lastKnownFileType = sourcecode.swift; path = PreparationModalView.swift; sourceTree = "<group>"; };
		04B5832A2E3F0874005E1A95 /* ConfirmationModalView.swift */ = {isa = PBXFileReference; lastKnownFileType = sourcecode.swift; path = ConfirmationModalView.swift; sourceTree = "<group>"; };
		04B5832C2E3F1312005E1A95 /* FocusSessionView.swift */ = {isa = PBXFileReference; lastKnownFileType = sourcecode.swift; path = FocusSessionView.swift; sourceTree = "<group>"; };
		04B583312E3F2932005E1A95 /* start_sound.mp3 */ = {isa = PBXFileReference; lastKnownFileType = audio.mp3; path = start_sound.mp3; sourceTree = "<group>"; };
/* End PBXFileReference section */

/* Begin PBXFrameworksBuildPhase section */
		041729252E3C4D2C00EA56F4 /* Frameworks */ = {
			isa = PBXFrameworksBuildPhase;
			buildActionMask = 2147483647;
			files = (
			);
			runOnlyForDeploymentPostprocessing = 0;
		};
/* End PBXFrameworksBuildPhase section */

/* Begin PBXGroup section */
		0417291F2E3C4D2C00EA56F4 = {
			isa = PBXGroup;
			children = (
				0417292A2E3C4D2C00EA56F4 /* IcanStudy */,
				041729292E3C4D2C00EA56F4 /* Products */,
			);
			sourceTree = "<group>";
		};
		041729292E3C4D2C00EA56F4 /* Products */ = {
			isa = PBXGroup;
			children = (
				041729282E3C4D2C00EA56F4 /* IcanStudy.app */,
			);
			name = Products;
			sourceTree = "<group>";
		};
		0417292A2E3C4D2C00EA56F4 /* IcanStudy */ = {
			isa = PBXGroup;
			children = (
				047C5F4A2E41A8D000005C88 /* Preview Content */,
				047673672E3C53C400732F21 /* Info.plist */,
				0417292B2E3C4D2C00EA56F4 /* IcanStudyApp.swift */,
				0417293B2E3C4EF100EA56F4 /* HomeView.swift */,
				04B583262E3DE466005E1A95 /* TimersView.swift */,
				04B5832C2E3F1312005E1A95 /* FocusSessionView.swift */,
				04A6C7482E3F50A3003A6E76 /* Data */,
				04A6C7462E3F3F62003A6E76 /* LaunchScreen */,
				0476736E2E3C5CF700732F21 /* Modal */,
				04A6C7472E3F49CA003A6E76 /* Tools */,
				04B583302E3F2914005E1A95 /* Sound */,
				04B583232E3DE2DC005E1A95 /* Animations */,
				0417292F2E3C4D2D00EA56F4 /* Assets.xcassets */,
				047C5F482E41A8A300005C88 /* Slackey-Regular.ttf */,
			);
			path = IcanStudy;
			sourceTree = "<group>";
		};
		0476736E2E3C5CF700732F21 /* Modal */ = {
			isa = PBXGroup;
			children = (
				04B583282E3DEA63005E1A95 /* PreparationModalView.swift */,
				04B5832A2E3F0874005E1A95 /* ConfirmationModalView.swift */,
				047C5F462E41A71600005C88 /* ShopmodalView.swift */,
				043D8B2E2E4190A000BC5F4A /* QuitModalView.swift */,
				047C5F442E41A70700005C88 /* ConfirmationModalViews.swift */,
			);
			path = Modal;
			sourceTree = "<group>";
		};
		047C5F4A2E41A8D000005C88 /* Preview Content */ = {
			isa = PBXGroup;
			children = (
			);
			path = "Preview Content";
			sourceTree = "<group>";
		};
		04A6C7462E3F3F62003A6E76 /* LaunchScreen */ = {
			isa = PBXGroup;
			children = (
				041729392E3C4D8100EA56F4 /* Launch Screen.storyboard */,
			);
			path = LaunchScreen;
			sourceTree = "<group>";
		};
		04A6C7472E3F49CA003A6E76 /* Tools */ = {
			isa = PBXGroup;
			children = (
				047673712E3C642600732F21 /* VisualEffectBlur.swift */,
				04A6C74B2E3F597E003A6E76 /* TimeFormatterHelper.swift */,
				043D8B2A2E40E3AA00BC5F4A /* CoinControl.swift */,
				043D8B2C2E418C7D00BC5F4A /* AudioHelper.swift */,
				043D8B332E41AEFC00BC5F4A /* SlidersConfirmation.swift */,
			);
			path = Tools;
			sourceTree = "<group>";
		};
		04A6C7482E3F50A3003A6E76 /* Data */ = {
			isa = PBXGroup;
			children = (
				04A6C7492E3F50EC003A6E76 /* User.swift */,
				043D8B302E4194B700BC5F4A /* Shop.swift */,
			);
			path = Data;
			sourceTree = "<group>";
		};
		04B583232E3DE2DC005E1A95 /* Animations */ = {
			isa = PBXGroup;
			children = (
				04B583242E3DE2F7005E1A95 /* FishAnimationsView.swift */,
			);
			path = Animations;
			sourceTree = "<group>";
		};
		04B583302E3F2914005E1A95 /* Sound */ = {
			isa = PBXGroup;
			children = (
				04B583312E3F2932005E1A95 /* start_sound.mp3 */,
			);
			path = Sound;
			sourceTree = "<group>";
		};
/* End PBXGroup section */

/* Begin PBXNativeTarget section */
		041729272E3C4D2C00EA56F4 /* IcanStudy */ = {
			isa = PBXNativeTarget;
			buildConfigurationList = 041729362E3C4D2D00EA56F4 /* Build configuration list for PBXNativeTarget "IcanStudy" */;
			buildPhases = (
				041729242E3C4D2C00EA56F4 /* Sources */,
				041729252E3C4D2C00EA56F4 /* Frameworks */,
				041729262E3C4D2C00EA56F4 /* Resources */,
			);
			buildRules = (
			);
			dependencies = (
			);
			name = IcanStudy;
			productName = IcanStudy;
			productReference = 041729282E3C4D2C00EA56F4 /* IcanStudy.app */;
			productType = "com.apple.product-type.application";
		};
/* End PBXNativeTarget section */

/* Begin PBXProject section */
		041729202E3C4D2C00EA56F4 /* Project object */ = {
			isa = PBXProject;
			attributes = {
				BuildIndependentTargetsInParallel = 1;
				LastSwiftUpdateCheck = 1540;
				LastUpgradeCheck = 1540;
				TargetAttributes = {
					041729272E3C4D2C00EA56F4 = {
						CreatedOnToolsVersion = 15.4;
					};
				};
			};
			buildConfigurationList = 041729232E3C4D2C00EA56F4 /* Build configuration list for PBXProject "IcanStudy" */;
			compatibilityVersion = "Xcode 14.0";
			developmentRegion = en;
			hasScannedForEncodings = 0;
			knownRegions = (
				en,
				Base,
			);
			mainGroup = 0417291F2E3C4D2C00EA56F4;
			productRefGroup = 041729292E3C4D2C00EA56F4 /* Products */;
			projectDirPath = "";
			projectRoot = "";
			targets = (
				041729272E3C4D2C00EA56F4 /* IcanStudy */,
			);
		};
/* End PBXProject section */

/* Begin PBXResourcesBuildPhase section */
		041729262E3C4D2C00EA56F4 /* Resources */ = {
			isa = PBXResourcesBuildPhase;
			buildActionMask = 2147483647;
			files = (
				0417293A2E3C4D8100EA56F4 /* Launch Screen.storyboard in Resources */,
				047C5F492E41A8A300005C88 /* Slackey-Regular.ttf in Resources */,
				041729302E3C4D2D00EA56F4 /* Assets.xcassets in Resources */,
			);
			runOnlyForDeploymentPostprocessing = 0;
		};
/* End PBXResourcesBuildPhase section */

/* Begin PBXSourcesBuildPhase section */
		041729242E3C4D2C00EA56F4 /* Sources */ = {
			isa = PBXSourcesBuildPhase;
			buildActionMask = 2147483647;
			files = (
				0434834D2E41BD55006193F8 /* SlidersConfirmation.swift in Sources */,
				0434834B2E41BD4B006193F8 /* ConfirmationModalView.swift in Sources */,
				0434834C2E41BD4B006193F8 /* ConfirmationModalViews.swift in Sources */,
				043D8B2B2E40E3AA00BC5F4A /* CoinControl.swift in Sources */,
				04B5832D2E3F1312005E1A95 /* FocusSessionView.swift in Sources */,
				04A6C74C2E3F597E003A6E76 /* TimeFormatterHelper.swift in Sources */,
				04B583292E3DEA63005E1A95 /* PreparationModalView.swift in Sources */,
				04B583272E3DE466005E1A95 /* TimersView.swift in Sources */,
				04A6C74A2E3F50EC003A6E76 /* User.swift in Sources */,
				043D8B2D2E418C7D00BC5F4A /* AudioHelper.swift in Sources */,
				043D8B2F2E4190A000BC5F4A /* QuitModalView.swift in Sources */,
				0417293C2E3C4EF100EA56F4 /* HomeView.swift in Sources */,
				04B583252E3DE2F7005E1A95 /* FishAnimationsView.swift in Sources */,
				047C5F472E41A71600005C88 /* ShopmodalView.swift in Sources */,
				0417292C2E3C4D2C00EA56F4 /* IcanStudyApp.swift in Sources */,
				043D8B312E4194B700BC5F4A /* Shop.swift in Sources */,
				047673722E3C642600732F21 /* VisualEffectBlur.swift in Sources */,
			);
			runOnlyForDeploymentPostprocessing = 0;
		};
/* End PBXSourcesBuildPhase section */

/* Begin XCBuildConfiguration section */
		041729342E3C4D2D00EA56F4 /* Debug */ = {
			isa = XCBuildConfiguration;
			buildSettings = {
				ALWAYS_SEARCH_USER_PATHS = NO;
				ASSETCATALOG_COMPILER_GENERATE_SWIFT_ASSET_SYMBOL_EXTENSIONS = YES;
				CLANG_ANALYZER_NONNULL = YES;
				CLANG_ANALYZER_NUMBER_OBJECT_CONVERSION = YES_AGGRESSIVE;
				CLANG_CXX_LANGUAGE_STANDARD = "gnu++20";
				CLANG_ENABLE_MODULES = YES;
				CLANG_ENABLE_OBJC_ARC = YES;
				CLANG_ENABLE_OBJC_WEAK = YES;
				CLANG_WARN_BLOCK_CAPTURE_AUTORELEASING = YES;
				CLANG_WARN_BOOL_CONVERSION = YES;
				CLANG_WARN_COMMA = YES;
				CLANG_WARN_CONSTANT_CONVERSION = YES;
				CLANG_WARN_DEPRECATED_OBJC_IMPLEMENTATIONS = YES;
				CLANG_WARN_DIRECT_OBJC_ISA_USAGE = YES_ERROR;
				CLANG_WARN_DOCUMENTATION_COMMENTS = YES;
				CLANG_WARN_EMPTY_BODY = YES;
				CLANG_WARN_ENUM_CONVERSION = YES;
				CLANG_WARN_INFINITE_RECURSION = YES;
				CLANG_WARN_INT_CONVERSION = YES;
				CLANG_WARN_NON_LITERAL_NULL_CONVERSION = YES;
				CLANG_WARN_OBJC_IMPLICIT_RETAIN_SELF = YES;
				CLANG_WARN_OBJC_LITERAL_CONVERSION = YES;
				CLANG_WARN_OBJC_ROOT_CLASS = YES_ERROR;
				CLANG_WARN_QUOTED_INCLUDE_IN_FRAMEWORK_HEADER = YES;
				CLANG_WARN_RANGE_LOOP_ANALYSIS = YES;
				CLANG_WARN_STRICT_PROTOTYPES = YES;
				CLANG_WARN_SUSPICIOUS_MOVE = YES;
				CLANG_WARN_UNGUARDED_AVAILABILITY = YES_AGGRESSIVE;
				CLANG_WARN_UNREACHABLE_CODE = YES;
				CLANG_WARN__DUPLICATE_METHOD_MATCH = YES;
				COPY_PHASE_STRIP = NO;
				DEBUG_INFORMATION_FORMAT = dwarf;
				ENABLE_STRICT_OBJC_MSGSEND = YES;
				ENABLE_TESTABILITY = YES;
				ENABLE_USER_SCRIPT_SANDBOXING = YES;
				GCC_C_LANGUAGE_STANDARD = gnu17;
				GCC_DYNAMIC_NO_PIC = NO;
				GCC_NO_COMMON_BLOCKS = YES;
				GCC_OPTIMIZATION_LEVEL = 0;
				GCC_PREPROCESSOR_DEFINITIONS = (
					"DEBUG=1",
					"$(inherited)",
				);
				GCC_WARN_64_TO_32_BIT_CONVERSION = YES;
				GCC_WARN_ABOUT_RETURN_TYPE = YES_ERROR;
				GCC_WARN_UNDECLARED_SELECTOR = YES;
				GCC_WARN_UNINITIALIZED_AUTOS = YES_AGGRESSIVE;
				GCC_WARN_UNUSED_FUNCTION = YES;
				GCC_WARN_UNUSED_VARIABLE = YES;
				IPHONEOS_DEPLOYMENT_TARGET = 17.5;
				LOCALIZATION_PREFERS_STRING_CATALOGS = YES;
				MTL_ENABLE_DEBUG_INFO = INCLUDE_SOURCE;
				MTL_FAST_MATH = YES;
				ONLY_ACTIVE_ARCH = YES;
				SDKROOT = iphoneos;
				SWIFT_ACTIVE_COMPILATION_CONDITIONS = "DEBUG $(inherited)";
				SWIFT_OPTIMIZATION_LEVEL = "-Onone";
			};
			name = Debug;
		};
		041729352E3C4D2D00EA56F4 /* Release */ = {
			isa = XCBuildConfiguration;
			buildSettings = {
				ALWAYS_SEARCH_USER_PATHS = NO;
				ASSETCATALOG_COMPILER_GENERATE_SWIFT_ASSET_SYMBOL_EXTENSIONS = YES;
				CLANG_ANALYZER_NONNULL = YES;
				CLANG_ANALYZER_NUMBER_OBJECT_CONVERSION = YES_AGGRESSIVE;
				CLANG_CXX_LANGUAGE_STANDARD = "gnu++20";
				CLANG_ENABLE_MODULES = YES;
				CLANG_ENABLE_OBJC_ARC = YES;
				CLANG_ENABLE_OBJC_WEAK = YES;
				CLANG_WARN_BLOCK_CAPTURE_AUTORELEASING = YES;
				CLANG_WARN_BOOL_CONVERSION = YES;
				CLANG_WARN_COMMA = YES;
				CLANG_WARN_CONSTANT_CONVERSION = YES;
				CLANG_WARN_DEPRECATED_OBJC_IMPLEMENTATIONS = YES;
				CLANG_WARN_DIRECT_OBJC_ISA_USAGE = YES_ERROR;
				CLANG_WARN_DOCUMENTATION_COMMENTS = YES;
				CLANG_WARN_EMPTY_BODY = YES;
				CLANG_WARN_ENUM_CONVERSION = YES;
				CLANG_WARN_INFINITE_RECURSION = YES;
				CLANG_WARN_INT_CONVERSION = YES;
				CLANG_WARN_NON_LITERAL_NULL_CONVERSION = YES;
				CLANG_WARN_OBJC_IMPLICIT_RETAIN_SELF = YES;
				CLANG_WARN_OBJC_LITERAL_CONVERSION = YES;
				CLANG_WARN_OBJC_ROOT_CLASS = YES_ERROR;
				CLANG_WARN_QUOTED_INCLUDE_IN_FRAMEWORK_HEADER = YES;
				CLANG_WARN_RANGE_LOOP_ANALYSIS = YES;
				CLANG_WARN_STRICT_PROTOTYPES = YES;
				CLANG_WARN_SUSPICIOUS_MOVE = YES;
				CLANG_WARN_UNGUARDED_AVAILABILITY = YES_AGGRESSIVE;
				CLANG_WARN_UNREACHABLE_CODE = YES;
				CLANG_WARN__DUPLICATE_METHOD_MATCH = YES;
				COPY_PHASE_STRIP = NO;
				DEBUG_INFORMATION_FORMAT = "dwarf-with-dsym";
				ENABLE_NS_ASSERTIONS = NO;
				ENABLE_STRICT_OBJC_MSGSEND = YES;
				ENABLE_USER_SCRIPT_SANDBOXING = YES;
				GCC_C_LANGUAGE_STANDARD = gnu17;
				GCC_NO_COMMON_BLOCKS = YES;
				GCC_WARN_64_TO_32_BIT_CONVERSION = YES;
				GCC_WARN_ABOUT_RETURN_TYPE = YES_ERROR;
				GCC_WARN_UNDECLARED_SELECTOR = YES;
				GCC_WARN_UNINITIALIZED_AUTOS = YES_AGGRESSIVE;
				GCC_WARN_UNUSED_FUNCTION = YES;
				GCC_WARN_UNUSED_VARIABLE = YES;
				IPHONEOS_DEPLOYMENT_TARGET = 17.5;
				LOCALIZATION_PREFERS_STRING_CATALOGS = YES;
				MTL_ENABLE_DEBUG_INFO = NO;
				MTL_FAST_MATH = YES;
				SDKROOT = iphoneos;
				SWIFT_COMPILATION_MODE = wholemodule;
				VALIDATE_PRODUCT = YES;
			};
			name = Release;
		};
		041729372E3C4D2D00EA56F4 /* Debug */ = {
			isa = XCBuildConfiguration;
			buildSettings = {
				ASSETCATALOG_COMPILER_APPICON_NAME = AppIcon;
				ASSETCATALOG_COMPILER_GLOBAL_ACCENT_COLOR_NAME = AccentColor;
				CODE_SIGN_STYLE = Automatic;
				CURRENT_PROJECT_VERSION = 1;
				DEVELOPMENT_ASSET_PATHS = "\"IcanStudy/Preview Content\"";
				ENABLE_PREVIEWS = YES;
				GENERATE_INFOPLIST_FILE = YES;
				INFOPLIST_FILE = IcanStudy/Info.plist;
				INFOPLIST_KEY_UIApplicationSceneManifest_Generation = YES;
				INFOPLIST_KEY_UIApplicationSupportsIndirectInputEvents = YES;
				INFOPLIST_KEY_UILaunchScreen_Generation = YES;
				INFOPLIST_KEY_UILaunchStoryboardName = "Launch Screen.storyboard";
				INFOPLIST_KEY_UISupportedInterfaceOrientations_iPad = "UIInterfaceOrientationPortrait UIInterfaceOrientationPortraitUpsideDown UIInterfaceOrientationLandscapeLeft UIInterfaceOrientationLandscapeRight";
				INFOPLIST_KEY_UISupportedInterfaceOrientations_iPhone = "UIInterfaceOrientationPortrait UIInterfaceOrientationLandscapeLeft UIInterfaceOrientationLandscapeRight";
				LD_RUNPATH_SEARCH_PATHS = (
					"$(inherited)",
					"@executable_path/Frameworks",
				);
				MARKETING_VERSION = 1.0;
				PRODUCT_BUNDLE_IDENTIFIER = com.TimFiveAFP.IcanStudy;
				PRODUCT_NAME = "$(TARGET_NAME)";
				SWIFT_EMIT_LOC_STRINGS = YES;
				SWIFT_VERSION = 5.0;
				TARGETED_DEVICE_FAMILY = "1,2";
			};
			name = Debug;
		};
		041729382E3C4D2D00EA56F4 /* Release */ = {
			isa = XCBuildConfiguration;
			buildSettings = {
				ASSETCATALOG_COMPILER_APPICON_NAME = AppIcon;
				ASSETCATALOG_COMPILER_GLOBAL_ACCENT_COLOR_NAME = AccentColor;
				CODE_SIGN_STYLE = Automatic;
				CURRENT_PROJECT_VERSION = 1;
				DEVELOPMENT_ASSET_PATHS = "\"IcanStudy/Preview Content\"";
				ENABLE_PREVIEWS = YES;
				GENERATE_INFOPLIST_FILE = YES;
				INFOPLIST_FILE = IcanStudy/Info.plist;
				INFOPLIST_KEY_UIApplicationSceneManifest_Generation = YES;
				INFOPLIST_KEY_UIApplicationSupportsIndirectInputEvents = YES;
				INFOPLIST_KEY_UILaunchScreen_Generation = YES;
				INFOPLIST_KEY_UILaunchStoryboardName = "Launch Screen.storyboard";
				INFOPLIST_KEY_UISupportedInterfaceOrientations_iPad = "UIInterfaceOrientationPortrait UIInterfaceOrientationPortraitUpsideDown UIInterfaceOrientationLandscapeLeft UIInterfaceOrientationLandscapeRight";
				INFOPLIST_KEY_UISupportedInterfaceOrientations_iPhone = "UIInterfaceOrientationPortrait UIInterfaceOrientationLandscapeLeft UIInterfaceOrientationLandscapeRight";
				LD_RUNPATH_SEARCH_PATHS = (
					"$(inherited)",
					"@executable_path/Frameworks",
				);
				MARKETING_VERSION = 1.0;
				PRODUCT_BUNDLE_IDENTIFIER = com.TimFiveAFP.IcanStudy;
				PRODUCT_NAME = "$(TARGET_NAME)";
				SWIFT_EMIT_LOC_STRINGS = YES;
				SWIFT_VERSION = 5.0;
				TARGETED_DEVICE_FAMILY = "1,2";
			};
			name = Release;
		};
/* End XCBuildConfiguration section */

/* Begin XCConfigurationList section */
		041729232E3C4D2C00EA56F4 /* Build configuration list for PBXProject "IcanStudy" */ = {
			isa = XCConfigurationList;
			buildConfigurations = (
				041729342E3C4D2D00EA56F4 /* Debug */,
				041729352E3C4D2D00EA56F4 /* Release */,
			);
			defaultConfigurationIsVisible = 0;
			defaultConfigurationName = Release;
		};
		041729362E3C4D2D00EA56F4 /* Build configuration list for PBXNativeTarget "IcanStudy" */ = {
			isa = XCConfigurationList;
			buildConfigurations = (
				041729372E3C4D2D00EA56F4 /* Debug */,
				041729382E3C4D2D00EA56F4 /* Release */,
			);
			defaultConfigurationIsVisible = 0;
			defaultConfigurationName = Release;
		};
/* End XCConfigurationList section */
	};
	rootObject = 041729202E3C4D2C00EA56F4 /* Project object */;
}
